
Microsoft Visual Studio Solution File, Format Version 12.00
# Visual Studio Version 16
VisualStudioVersion = 16.0.31205.134
MinimumVisualStudioVersion = 10.0.40219.1
Project("{9A19103F-16F7-4668-BE54-9A1E7A4F7556}") = "ITMO21.WPF.Lab01.ex1_2", "ITMO21.WPF.Lab01.ex1_2\ITMO21.WPF.Lab01.ex1_2.csproj", "{EEDCA715-E23B-4089-B084-5F82E615527D}"
EndProject
Project("{9A19103F-16F7-4668-BE54-9A1E7A4F7556}") = "ITMO21.WPF.Lab01.ex3", "ITMO21.WPF.Lab01.ex3\ITMO21.WPF.Lab01.ex3.csproj", "{6B02896F-D081-462B-8874-FB8EBB8DF432}"
EndProject
Project("{9A19103F-16F7-4668-BE54-9A1E7A4F7556}") = "ITMO21.WPF.Lab02.ex1_2", "ITMO21.WPF.Lab02.ex1_2\ITMO21.WPF.Lab02.ex1_2.csproj", "{2DDD7BB7-02D2-4544-807F-59DC3E94FE07}"
EndProject
Project("{9A19103F-16F7-4668-BE54-9A1E7A4F7556}") = "ITMO21.WPF.Lab03.ex1", "ITMO21.WPF.Lab03.ex1\ITMO21.WPF.Lab03.ex1.csproj", "{79A137A3-8EAF-49EC-A3F4-3C7F681D7C2B}"
EndProject
Project("{FAE04EC0-301F-11D3-BF4B-00C04F79EFBC}") = "ITMO21.WPF.Lab03.ex2_3", "ITMO21.WPF.Lab03.ex2_3\ITMO21.WPF.Lab03.ex2_3.csproj", "{A8808BE2-DE8A-4AE6-A246-C27DDF6BE652}"
EndProject
Global
	GlobalSection(SolutionConfigurationPlatforms) = preSolution
		Debug|Any CPU = Debug|Any CPU
		Release|Any CPU = Release|Any CPU
	EndGlobalSection
	GlobalSection(ProjectConfigurationPlatforms) = postSolution
		{EEDCA715-E23B-4089-B084-5F82E615527D}.Debug|Any CPU.ActiveCfg = Debug|Any CPU
		{EEDCA715-E23B-4089-B084-5F82E615527D}.Debug|Any CPU.Build.0 = Debug|Any CPU
		{EEDCA715-E23B-4089-B084-5F82E615527D}.Release|Any CPU.ActiveCfg = Release|Any CPU
		{EEDCA715-E23B-4089-B084-5F82E615527D}.Release|Any CPU.Build.0 = Release|Any CPU
		{6B02896F-D081-462B-8874-FB8EBB8DF432}.Debug|Any CPU.ActiveCfg = Debug|Any CPU
		{6B02896F-D081-462B-8874-FB8EBB8DF432}.Debug|Any CPU.Build.0 = Debug|Any CPU
		{6B02896F-D081-462B-8874-FB8EBB8DF432}.Release|Any CPU.ActiveCfg = Release|Any CPU
		{6B02896F-D081-462B-8874-FB8EBB8DF432}.Release|Any CPU.Build.0 = Release|Any CPU
		{2DDD7BB7-02D2-4544-807F-59DC3E94FE07}.Debug|Any CPU.ActiveCfg = Debug|Any CPU
		{2DDD7BB7-02D2-4544-807F-59DC3E94FE07}.Debug|Any CPU.Build.0 = Debug|Any CPU
		{2DDD7BB7-02D2-4544-807F-59DC3E94FE07}.Release|Any CPU.ActiveCfg = Release|Any CPU
		{2DDD7BB7-02D2-4544-807F-59DC3E94FE07}.Release|Any CPU.Build.0 = Release|Any CPU
		{79A137A3-8EAF-49EC-A3F4-3C7F681D7C2B}.Debug|Any CPU.ActiveCfg = Debug|Any CPU
		{79A137A3-8EAF-49EC-A3F4-3C7F681D7C2B}.Debug|Any CPU.Build.0 = Debug|Any CPU
		{79A137A3-8EAF-49EC-A3F4-3C7F681D7C2B}.Release|Any CPU.ActiveCfg = Release|Any CPU
		{79A137A3-8EAF-49EC-A3F4-3C7F681D7C2B}.Release|Any CPU.Build.0 = Release|Any CPU
		{A8808BE2-DE8A-4AE6-A246-C27DDF6BE652}.Debug|Any CPU.ActiveCfg = Debug|Any CPU
		{A8808BE2-DE8A-4AE6-A246-C27DDF6BE652}.Debug|Any CPU.Build.0 = Debug|Any CPU
		{A8808BE2-DE8A-4AE6-A246-C27DDF6BE652}.Release|Any CPU.ActiveCfg = Release|Any CPU
		{A8808BE2-DE8A-4AE6-A246-C27DDF6BE652}.Release|Any CPU.Build.0 = Release|Any CPU
	EndGlobalSection
	GlobalSection(SolutionProperties) = preSolution
		HideSolutionNode = FALSE
	EndGlobalSection
	GlobalSection(ExtensibilityGlobals) = postSolution
		SolutionGuid = {2B0DEF14-F208-4B63-A097-24E890BA344F}
	EndGlobalSection
EndGlobal
